{
  "name": "mvn-ng-bw",
  "version": "1.0.0",
  "lockfileVersion": 1,
  "requires": true,
  "dependencies": {
    "node-watch": {
      "version": "0.5.7",
      "resolved": "https://registry.npmjs.org/node-watch/-/node-watch-0.5.7.tgz",
      "integrity": "sha512-WIWltUV45Sle6cZTQbQbYKcdqAEWnMOn+H0GREHUQcgikX3ULb46pDg+IkrwzH/rUvgBHu5KsrZ1RbwQ6ASjoQ=="
    }
  }
}
